
Microsoft Visual Studio Solution File, Format Version 12.00
# Visual Studio Version 17
VisualStudioVersion = 17.11.35303.130
MinimumVisualStudioVersion = 10.0.40219.1
Project("{8BC9CEB8-8B4A-11D0-8D11-00A0C91BC942}") = "bai 4", "bai 4.vcxproj", "{ABEF229F-CAEF-47CC-870F-00189B6F825E}"
EndProject
Global
	GlobalSection(SolutionConfigurationPlatforms) = preSolution
		Debug|x64 = Debug|x64
		Debug|x86 = Debug|x86
		Release|x64 = Release|x64
		Release|x86 = Release|x86
	EndGlobalSection
	GlobalSection(ProjectConfigurationPlatforms) = postSolution
		{ABEF229F-CAEF-47CC-870F-00189B6F825E}.Debug|x64.ActiveCfg = Debug|x64
		{ABEF229F-CAEF-47CC-870F-00189B6F825E}.Debug|x64.Build.0 = Debug|x64
		{ABEF229F-CAEF-47CC-870F-00189B6F825E}.Debug|x86.ActiveCfg = Debug|Win32
		{ABEF229F-CAEF-47CC-870F-00189B6F825E}.Debug|x86.Build.0 = Debug|Win32
		{ABEF229F-CAEF-47CC-870F-00189B6F825E}.Release|x64.ActiveCfg = Release|x64
		{ABEF229F-CAEF-47CC-870F-00189B6F825E}.Release|x64.Build.0 = Release|x64
		{ABEF229F-CAEF-47CC-870F-00189B6F825E}.Release|x86.ActiveCfg = Release|Win32
		{ABEF229F-CAEF-47CC-870F-00189B6F825E}.Release|x86.Build.0 = Release|Win32
	EndGlobalSection
	GlobalSection(SolutionProperties) = preSolution
		HideSolutionNode = FALSE
	EndGlobalSection
	GlobalSection(ExtensibilityGlobals) = postSolution
		SolutionGuid = {46DE53C0-E691-4FB2-8391-73A112E5DFAC}
	EndGlobalSection
EndGlobal
